
Microsoft Visual Studio Solution File, Format Version 12.00
# Visual Studio Version 17
VisualStudioVersion = 17.8.34309.116
MinimumVisualStudioVersion = 10.0.40219.1
Project("{FAE04EC0-301F-11D3-BF4B-00C04F79EFBC}") = "EmployeeManagement.API", "EmployeeManagement.API.csproj", "{D3B944DC-77B7-48FE-99B3-C4D06C471FAA}"
EndProject
Global
	GlobalSection(SolutionConfigurationPlatforms) = preSolution
		Debug|Any CPU = Debug|Any CPU
		Release|Any CPU = Release|Any CPU
	EndGlobalSection
	GlobalSection(ProjectConfigurationPlatforms) = postSolution
		{D3B944DC-77B7-48FE-99B3-C4D06C471FAA}.Debug|Any CPU.ActiveCfg = Debug|Any CPU
		{D3B944DC-77B7-48FE-99B3-C4D06C471FAA}.Debug|Any CPU.Build.0 = Debug|Any CPU
		{D3B944DC-77B7-48FE-99B3-C4D06C471FAA}.Release|Any CPU.ActiveCfg = Release|Any CPU
		{D3B944DC-77B7-48FE-99B3-C4D06C471FAA}.Release|Any CPU.Build.0 = Release|Any CPU
	EndGlobalSection
	GlobalSection(SolutionProperties) = preSolution
		HideSolutionNode = FALSE
	EndGlobalSection
	GlobalSection(ExtensibilityGlobals) = postSolution
		SolutionGuid = {98EA6978-F4D5-4B89-B643-9116762E7461}
	EndGlobalSection
EndGlobal
